{
  "name": "xss",
  "lockfileVersion": 3,
  "requires": true,
  "packages": {
    "": {
      "dependencies": {
        "total4": "^0.0.94"
      }
    },
    "node_modules/total4": {
      "version": "0.0.94",
      "resolved": "https://registry.npmjs.org/total4/-/total4-0.0.94.tgz",
      "integrity": "sha512-3KxPevptkgQAF/cOnpAyNH07gSlPtlVkTaG2KS0VFxfHgrf7ic530Hqon+ztnHOuuVA0zZgKxW2ifeuQZ3mWUA==",
      "bin": {
        "total4": "bin/total4"
      }
    }
  }
}
